
Microsoft Visual Studio Solution File, Format Version 12.00
# Visual Studio Version 16
VisualStudioVersion = 16.0.30804.86
MinimumVisualStudioVersion = 10.0.40219.1
Project("{FAE04EC0-301F-11D3-BF4B-00C04F79EFBC}") = "PokemonCounterPicker", "PokemonCounterPicker\PokemonCounterPicker.csproj", "{E8FA9AB5-96AA-418C-B90A-9653178E0375}"
EndProject
Global
	GlobalSection(SolutionConfigurationPlatforms) = preSolution
		Debug|Any CPU = Debug|Any CPU
		Release|Any CPU = Release|Any CPU
	EndGlobalSection
	GlobalSection(ProjectConfigurationPlatforms) = postSolution
		{E8FA9AB5-96AA-418C-B90A-9653178E0375}.Debug|Any CPU.ActiveCfg = Debug|Any CPU
		{E8FA9AB5-96AA-418C-B90A-9653178E0375}.Debug|Any CPU.Build.0 = Debug|Any CPU
		{E8FA9AB5-96AA-418C-B90A-9653178E0375}.Release|Any CPU.ActiveCfg = Release|Any CPU
		{E8FA9AB5-96AA-418C-B90A-9653178E0375}.Release|Any CPU.Build.0 = Release|Any CPU
	EndGlobalSection
	GlobalSection(SolutionProperties) = preSolution
		HideSolutionNode = FALSE
	EndGlobalSection
	GlobalSection(ExtensibilityGlobals) = postSolution
		SolutionGuid = {28BBB2E2-9821-4F19-B676-43E2967D7511}
	EndGlobalSection
EndGlobal
